Microsoft Visual Studio Solution File, Format Version 11.00
# Visual Studio 2010
Project("{8BC9CEB8-8B4A-11D0-8D11-00A0C91BC942}") = "pano13", "libpano.vcxproj", "{9B19A5C0-8DB0-448B-BF99-DC6374E9751B}"
EndProject
Project("{8BC9CEB8-8B4A-11D0-8D11-00A0C91BC942}") = "PTAInterpolate", "tools\PTAInterpolate.vcxproj", "{9D68379B-FD84-4B81-B25D-6126AF2ABDA0}"
EndProject
Project("{8BC9CEB8-8B4A-11D0-8D11-00A0C91BC942}") = "PTblender", "tools\PTblender.vcxproj", "{20D1E094-A4B5-4294-85CE-229529065789}"
EndProject
Project("{8BC9CEB8-8B4A-11D0-8D11-00A0C91BC942}") = "PTcrop", "tools\PTcrop.vcxproj", "{20D1E094-A4B5-4294-85CE-229529065781}"
EndProject
Project("{8BC9CEB8-8B4A-11D0-8D11-00A0C91BC942}") = "PTinfo", "tools\PTinfo.vcxproj", "{20D1E094-A4B5-4294-85CE-229529065782}"
EndProject
Project("{8BC9CEB8-8B4A-11D0-8D11-00A0C91BC942}") = "PTmasker", "tools\PTmasker.vcxproj", "{20D1E094-A4B5-4294-85CE-229529065783}"
EndProject
Project("{8BC9CEB8-8B4A-11D0-8D11-00A0C91BC942}") = "PTmender", "tools\PTmender.vcxproj", "{20D1E094-A4B5-4294-85CE-229529065784}"
EndProject
Project("{8BC9CEB8-8B4A-11D0-8D11-00A0C91BC942}") = "PTOptimizer", "tools\PTOptimizer.vcxproj", "{20D1E094-A4B5-4294-85CE-229529065785}"
EndProject
Project("{8BC9CEB8-8B4A-11D0-8D11-00A0C91BC942}") = "PTroller", "tools\PTroller.vcxproj", "{20D1E094-A4B5-4294-85CE-229529065786}"
EndProject
Project("{8BC9CEB8-8B4A-11D0-8D11-00A0C91BC942}") = "PTtiff2psd", "tools\PTtiff2psd.vcxproj", "{20D1E094-A4B5-4294-85CE-229529065716}"
EndProject
Project("{8BC9CEB8-8B4A-11D0-8D11-00A0C91BC942}") = "PTtiffdump", "tools\PTtiffdump.vcxproj", "{20D1E094-A4B5-4294-85CE-229529065711}"
EndProject
Project("{8BC9CEB8-8B4A-11D0-8D11-00A0C91BC942}") = "PTuncrop", "tools\PTuncrop.vcxproj", "{20D1E094-A4B5-4294-85CE-229529065712}"
EndProject
Global
	GlobalSection(SolutionConfigurationPlatforms) = preSolution
		Debug CMD|Win32 = Debug CMD|Win32
		Debug CMD|x64 = Debug CMD|x64
		Release CMD|Win32 = Release CMD|Win32
		Release CMD|x64 = Release CMD|x64
	EndGlobalSection
	GlobalSection(ProjectConfigurationPlatforms) = postSolution
		{9B19A5C0-8DB0-448B-BF99-DC6374E9751B}.Debug CMD|Win32.ActiveCfg = Debug CMD|Win32
		{9B19A5C0-8DB0-448B-BF99-DC6374E9751B}.Debug CMD|Win32.Build.0 = Debug CMD|Win32
		{9B19A5C0-8DB0-448B-BF99-DC6374E9751B}.Debug CMD|x64.ActiveCfg = Debug CMD|x64
		{9B19A5C0-8DB0-448B-BF99-DC6374E9751B}.Debug CMD|x64.Build.0 = Debug CMD|x64
		{9B19A5C0-8DB0-448B-BF99-DC6374E9751B}.Release CMD|Win32.ActiveCfg = Release CMD|Win32
		{9B19A5C0-8DB0-448B-BF99-DC6374E9751B}.Release CMD|Win32.Build.0 = Release CMD|Win32
		{9B19A5C0-8DB0-448B-BF99-DC6374E9751B}.Release CMD|x64.ActiveCfg = Release CMD|x64
		{9B19A5C0-8DB0-448B-BF99-DC6374E9751B}.Release CMD|x64.Build.0 = Release CMD|x64
		{9D68379B-FD84-4B81-B25D-6126AF2ABDA0}.Debug CMD|Win32.ActiveCfg = Debug CMD|Win32
		{9D68379B-FD84-4B81-B25D-6126AF2ABDA0}.Debug CMD|Win32.Build.0 = Debug CMD|Win32
		{9D68379B-FD84-4B81-B25D-6126AF2ABDA0}.Debug CMD|x64.ActiveCfg = Debug CMD|x64
		{9D68379B-FD84-4B81-B25D-6126AF2ABDA0}.Debug CMD|x64.Build.0 = Debug CMD|x64
		{9D68379B-FD84-4B81-B25D-6126AF2ABDA0}.Release CMD|Win32.ActiveCfg = Release CMD|Win32
		{9D68379B-FD84-4B81-B25D-6126AF2ABDA0}.Release CMD|x64.ActiveCfg = Release CMD|x64
		{9D68379B-FD84-4B81-B25D-6126AF2ABDA0}.Release CMD|x64.Build.0 = Release CMD|x64
		{20D1E094-A4B5-4294-85CE-229529065789}.Debug CMD|Win32.ActiveCfg = Debug CMD|Win32
		{20D1E094-A4B5-4294-85CE-229529065789}.Debug CMD|Win32.Build.0 = Debug CMD|Win32
		{20D1E094-A4B5-4294-85CE-229529065789}.Debug CMD|x64.ActiveCfg = Debug CMD|x64
		{20D1E094-A4B5-4294-85CE-229529065789}.Debug CMD|x64.Build.0 = Debug CMD|x64
		{20D1E094-A4B5-4294-85CE-229529065789}.Release CMD|Win32.ActiveCfg = Release CMD|Win32
		{20D1E094-A4B5-4294-85CE-229529065789}.Release CMD|Win32.Build.0 = Release CMD|Win32
		{20D1E094-A4B5-4294-85CE-229529065789}.Release CMD|x64.ActiveCfg = Release CMD|x64
		{20D1E094-A4B5-4294-85CE-229529065789}.Release CMD|x64.Build.0 = Release CMD|x64
		{20D1E094-A4B5-4294-85CE-229529065781}.Debug CMD|Win32.ActiveCfg = Debug CMD|Win32
		{20D1E094-A4B5-4294-85CE-229529065781}.Debug CMD|Win32.Build.0 = Debug CMD|Win32
		{20D1E094-A4B5-4294-85CE-229529065781}.Debug CMD|x64.ActiveCfg = Debug CMD|x64
		{20D1E094-A4B5-4294-85CE-229529065781}.Debug CMD|x64.Build.0 = Debug CMD|x64
		{20D1E094-A4B5-4294-85CE-229529065781}.Release CMD|Win32.ActiveCfg = Release CMD|Win32
		{20D1E094-A4B5-4294-85CE-229529065781}.Release CMD|Win32.Build.0 = Release CMD|Win32
		{20D1E094-A4B5-4294-85CE-229529065781}.Release CMD|x64.ActiveCfg = Release CMD|x64
		{20D1E094-A4B5-4294-85CE-229529065781}.Release CMD|x64.Build.0 = Release CMD|x64
		{20D1E094-A4B5-4294-85CE-229529065782}.Debug CMD|Win32.ActiveCfg = Debug CMD|Win32
		{20D1E094-A4B5-4294-85CE-229529065782}.Debug CMD|Win32.Build.0 = Debug CMD|Win32
		{20D1E094-A4B5-4294-85CE-229529065782}.Debug CMD|x64.ActiveCfg = Debug CMD|x64
		{20D1E094-A4B5-4294-85CE-229529065782}.Debug CMD|x64.Build.0 = Debug CMD|x64
		{20D1E094-A4B5-4294-85CE-229529065782}.Release CMD|Win32.ActiveCfg = Release CMD|Win32
		{20D1E094-A4B5-4294-85CE-229529065782}.Release CMD|Win32.Build.0 = Release CMD|Win32
		{20D1E094-A4B5-4294-85CE-229529065782}.Release CMD|x64.ActiveCfg = Release CMD|x64
		{20D1E094-A4B5-4294-85CE-229529065782}.Release CMD|x64.Build.0 = Release CMD|x64
		{20D1E094-A4B5-4294-85CE-229529065783}.Debug CMD|Win32.ActiveCfg = Debug CMD|Win32
		{20D1E094-A4B5-4294-85CE-229529065783}.Debug CMD|Win32.Build.0 = Debug CMD|Win32
		{20D1E094-A4B5-4294-85CE-229529065783}.Debug CMD|x64.ActiveCfg = Debug CMD|x64
		{20D1E094-A4B5-4294-85CE-229529065783}.Debug CMD|x64.Build.0 = Debug CMD|x64
		{20D1E094-A4B5-4294-85CE-229529065783}.Release CMD|Win32.ActiveCfg = Release CMD|Win32
		{20D1E094-A4B5-4294-85CE-229529065783}.Release CMD|Win32.Build.0 = Release CMD|Win32
		{20D1E094-A4B5-4294-85CE-229529065783}.Release CMD|x64.ActiveCfg = Release CMD|x64
		{20D1E094-A4B5-4294-85CE-229529065783}.Release CMD|x64.Build.0 = Release CMD|x64
		{20D1E094-A4B5-4294-85CE-229529065784}.Debug CMD|Win32.ActiveCfg = Debug CMD|Win32
		{20D1E094-A4B5-4294-85CE-229529065784}.Debug CMD|Win32.Build.0 = Debug CMD|Win32
		{20D1E094-A4B5-4294-85CE-229529065784}.Debug CMD|x64.ActiveCfg = Debug CMD|x64
		{20D1E094-A4B5-4294-85CE-229529065784}.Debug CMD|x64.Build.0 = Debug CMD|x64
		{20D1E094-A4B5-4294-85CE-229529065784}.Release CMD|Win32.ActiveCfg = Release CMD|Win32
		{20D1E094-A4B5-4294-85CE-229529065784}.Release CMD|Win32.Build.0 = Release CMD|Win32
		{20D1E094-A4B5-4294-85CE-229529065784}.Release CMD|x64.ActiveCfg = Release CMD|x64
		{20D1E094-A4B5-4294-85CE-229529065784}.Release CMD|x64.Build.0 = Release CMD|x64
		{20D1E094-A4B5-4294-85CE-229529065785}.Debug CMD|Win32.ActiveCfg = Debug CMD|Win32
		{20D1E094-A4B5-4294-85CE-229529065785}.Debug CMD|Win32.Build.0 = Debug CMD|Win32
		{20D1E094-A4B5-4294-85CE-229529065785}.Debug CMD|x64.ActiveCfg = Debug CMD|x64
		{20D1E094-A4B5-4294-85CE-229529065785}.Debug CMD|x64.Build.0 = Debug CMD|x64
		{20D1E094-A4B5-4294-85CE-229529065785}.Release CMD|Win32.ActiveCfg = Release CMD|Win32
		{20D1E094-A4B5-4294-85CE-229529065785}.Release CMD|Win32.Build.0 = Release CMD|Win32
		{20D1E094-A4B5-4294-85CE-229529065785}.Release CMD|x64.ActiveCfg = Release CMD|x64
		{20D1E094-A4B5-4294-85CE-229529065785}.Release CMD|x64.Build.0 = Release CMD|x64
		{20D1E094-A4B5-4294-85CE-229529065786}.Debug CMD|Win32.ActiveCfg = Debug CMD|Win32
		{20D1E094-A4B5-4294-85CE-229529065786}.Debug CMD|Win32.Build.0 = Debug CMD|Win32
		{20D1E094-A4B5-4294-85CE-229529065786}.Debug CMD|x64.ActiveCfg = Debug CMD|x64
		{20D1E094-A4B5-4294-85CE-229529065786}.Debug CMD|x64.Build.0 = Debug CMD|x64
		{20D1E094-A4B5-4294-85CE-229529065786}.Release CMD|Win32.ActiveCfg = Release CMD|Win32
		{20D1E094-A4B5-4294-85CE-229529065786}.Release CMD|Win32.Build.0 = Release CMD|Win32
		{20D1E094-A4B5-4294-85CE-229529065786}.Release CMD|x64.ActiveCfg = Release CMD|x64
		{20D1E094-A4B5-4294-85CE-229529065786}.Release CMD|x64.Build.0 = Release CMD|x64
		{20D1E094-A4B5-4294-85CE-229529065716}.Debug CMD|Win32.ActiveCfg = Debug CMD|Win32
		{20D1E094-A4B5-4294-85CE-229529065716}.Debug CMD|Win32.Build.0 = Debug CMD|Win32
		{20D1E094-A4B5-4294-85CE-229529065716}.Debug CMD|x64.ActiveCfg = Debug CMD|x64
		{20D1E094-A4B5-4294-85CE-229529065716}.Debug CMD|x64.Build.0 = Debug CMD|x64
		{20D1E094-A4B5-4294-85CE-229529065716}.Release CMD|Win32.ActiveCfg = Release CMD|Win32
		{20D1E094-A4B5-4294-85CE-229529065716}.Release CMD|Win32.Build.0 = Release CMD|Win32
		{20D1E094-A4B5-4294-85CE-229529065716}.Release CMD|x64.ActiveCfg = Release CMD|x64
		{20D1E094-A4B5-4294-85CE-229529065716}.Release CMD|x64.Build.0 = Release CMD|x64
		{20D1E094-A4B5-4294-85CE-229529065711}.Debug CMD|Win32.ActiveCfg = Debug CMD|Win32
		{20D1E094-A4B5-4294-85CE-229529065711}.Debug CMD|Win32.Build.0 = Debug CMD|Win32
		{20D1E094-A4B5-4294-85CE-229529065711}.Debug CMD|x64.ActiveCfg = Debug CMD|x64
		{20D1E094-A4B5-4294-85CE-229529065711}.Debug CMD|x64.Build.0 = Debug CMD|x64
		{20D1E094-A4B5-4294-85CE-229529065711}.Release CMD|Win32.ActiveCfg = Release CMD|Win32
		{20D1E094-A4B5-4294-85CE-229529065711}.Release CMD|Win32.Build.0 = Release CMD|Win32
		{20D1E094-A4B5-4294-85CE-229529065711}.Release CMD|x64.ActiveCfg = Release CMD|x64
		{20D1E094-A4B5-4294-85CE-229529065711}.Release CMD|x64.Build.0 = Release CMD|x64
		{20D1E094-A4B5-4294-85CE-229529065712}.Debug CMD|Win32.ActiveCfg = Debug CMD|Win32
		{20D1E094-A4B5-4294-85CE-229529065712}.Debug CMD|Win32.Build.0 = Debug CMD|Win32
		{20D1E094-A4B5-4294-85CE-229529065712}.Debug CMD|x64.ActiveCfg = Debug CMD|x64
		{20D1E094-A4B5-4294-85CE-229529065712}.Debug CMD|x64.Build.0 = Debug CMD|x64
		{20D1E094-A4B5-4294-85CE-229529065712}.Release CMD|Win32.ActiveCfg = Release CMD|Win32
		{20D1E094-A4B5-4294-85CE-229529065712}.Release CMD|Win32.Build.0 = Release CMD|Win32
		{20D1E094-A4B5-4294-85CE-229529065712}.Release CMD|x64.ActiveCfg = Release CMD|x64
		{20D1E094-A4B5-4294-85CE-229529065712}.Release CMD|x64.Build.0 = Release CMD|x64
	EndGlobalSection
	GlobalSection(SolutionProperties) = preSolution
		HideSolutionNode = FALSE
	EndGlobalSection
EndGlobal
